
Microsoft Visual Studio Solution File, Format Version 12.00
# Visual Studio Version 17
VisualStudioVersion = 17.12.35707.178 d17.12
MinimumVisualStudioVersion = 10.0.40219.1
Project("{FAE04EC0-301F-11D3-BF4B-00C04F79EFBC}") = "Sharpfish", "..\ChessApp\Sharpfish\Sharpfish.csproj", "{9E4B79FD-ED4C-40FB-A43F-8DAC51CCB5C6}"
EndProject
Project("{FAE04EC0-301F-11D3-BF4B-00C04F79EFBC}") = "Sharpfish.Tests", "..\ChessApp\Sharpfish.Tests\Sharpfish.Tests.csproj", "{27DCDA5A-A404-4E28-92F8-5659D10A646E}"
EndProject
Global
	GlobalSection(SolutionConfigurationPlatforms) = preSolution
		Debug|Any CPU = Debug|Any CPU
		Release|Any CPU = Release|Any CPU
	EndGlobalSection
	GlobalSection(ProjectConfigurationPlatforms) = postSolution
		{9E4B79FD-ED4C-40FB-A43F-8DAC51CCB5C6}.Debug|Any CPU.ActiveCfg = Debug|Any CPU
		{9E4B79FD-ED4C-40FB-A43F-8DAC51CCB5C6}.Debug|Any CPU.Build.0 = Debug|Any CPU
		{9E4B79FD-ED4C-40FB-A43F-8DAC51CCB5C6}.Release|Any CPU.ActiveCfg = Release|Any CPU
		{9E4B79FD-ED4C-40FB-A43F-8DAC51CCB5C6}.Release|Any CPU.Build.0 = Release|Any CPU
		{27DCDA5A-A404-4E28-92F8-5659D10A646E}.Debug|Any CPU.ActiveCfg = Debug|Any CPU
		{27DCDA5A-A404-4E28-92F8-5659D10A646E}.Debug|Any CPU.Build.0 = Debug|Any CPU
		{27DCDA5A-A404-4E28-92F8-5659D10A646E}.Release|Any CPU.ActiveCfg = Release|Any CPU
		{27DCDA5A-A404-4E28-92F8-5659D10A646E}.Release|Any CPU.Build.0 = Release|Any CPU
	EndGlobalSection
	GlobalSection(SolutionProperties) = preSolution
		HideSolutionNode = FALSE
	EndGlobalSection
EndGlobal
